github.com/kr/pretty v0.1.0/go.mod h1:dAy3ld7l9f0ibDNOQOHHMYYIIbhfbHSm3C4ZsoJORNo=
github.com/kr/pty v1.1.1/go.mod h1:pFQYn66WHrOpPYNljwOMqo10TkYh1fy3cYio2l3bCsQ=
github.com/kr/text v0.1.0/go.mod h1:4Jbv+DJW3UT/LiOwJeYQe1efqtUx/iVham/4vfdArNI=
github.com/pkg/diff v0.0.0-20210226163009-20ebb0f2a09e/go.mod h1:pJLUxLENpZxwdsKMEsNbx1VGcRFpLqf3715MtcvvzbA=
github.com/rogpeppe/go-internal v1.8.1 h1:geMPLpDpQOgVyCg5z5GoRwLHepNdb71NXb67XFkP+Eg=
github.com/rogpeppe/go-internal v1.8.1/go.mod h1:JeRgkft04UBgHMgCIwADu4Pn6Mtm5d4nPKWu0nJ5d+o=
github.com/rwxrob/bonzai v0.5.0 h1:Ghznfo2IabyIA+fhE8pfbaOfKUWS2T80WZm6XNgV9WE=
github.com/rwxrob/bonzai v0.5.0/go.mod h1:f/6r2q+FEdoIiD42Mxyn7wNbejj8gk9kIkXsQfl7wRA=
github.com/rwxrob/bonzai v0.6.0 h1:T4GYJiV3X38apXD31RQkwTdA+10xuZ9EBpJSB/qottE=
github.com/rwxrob/bonzai v0.6.0/go.mod h1:f/6r2q+FEdoIiD42Mxyn7wNbejj8gk9kIkXsQfl7wRA=
github.com/rwxrob/bonzai v0.7.0 h1:x1iBkldLLdTrQBK4pF6Vx1bvkOHtuBPfQXEw6hDp7Ug=
github.com/rwxrob/bonzai v0.7.0/go.mod h1:tOU8sGI8dxVmGFTaqMfGbqYfWJqIAaFPA1lLUXQJaY8=
github.com/rwxrob/bonzai v0.8.2 h1:0e4r9XuD6060gqxK2c+0baAmnzU/H38isvzkDY5cTgo=
github.com/rwxrob/bonzai v0.8.2/go.mod h1:zisCd2LCW9yR3w3csCWkqmUGnOcUOItjatYdSplJtmk=
github.com/rwxrob/bonzai v0.9.0 h1:aR6Wz7UYXzBLs65NYPVxwdUsAP+6xL0xILyk00wGr7M=
github.com/rwxrob/bonzai v0.9.0/go.mod h1:zisCd2LCW9yR3w3csCWkqmUGnOcUOItjatYdSplJtmk=
github.com/rwxrob/bonzai v0.10.0 h1:RGzcu+9ksn9zYpsOx9j3rbbjaOx/t0hC9rMvW/+ofZY=
github.com/rwxrob/bonzai v0.10.0/go.mod h1:zisCd2LCW9yR3w3csCWkqmUGnOcUOItjatYdSplJtmk=
github.com/rwxrob/bonzai v0.10.1 h1:KC+3C3p27XOavohMA70VzM/IHw0ha71NUtZUxhhFGiY=
github.com/rwxrob/bonzai v0.10.1/go.mod h1:zisCd2LCW9yR3w3csCWkqmUGnOcUOItjatYdSplJtmk=
github.com/rwxrob/bonzai v0.11.1 h1:E8m5FFWdiwhNXqS9Fc6+ZcTwndAYaPBhA2zGCG1nsoI=
github.com/rwxrob/bonzai v0.11.1/go.mod h1:zisCd2LCW9yR3w3csCWkqmUGnOcUOItjatYdSplJtmk=
github.com/rwxrob/bonzai v0.12.1 h1:/1g5B8WrR3AktCqjCxAUDJZCDGisXs2OKt4bd7CvJYg=
github.com/rwxrob/bonzai v0.12.1/go.mod h1:zisCd2LCW9yR3w3csCWkqmUGnOcUOItjatYdSplJtmk=
github.com/rwxrob/bonzai v0.12.2 h1:A9Pwp89QgExsBXwxxrctmrHx7Z+Tr0HAJ8aKwWFZmrA=
github.com/rwxrob/bonzai v0.12.2/go.mod h1:zisCd2LCW9yR3w3csCWkqmUGnOcUOItjatYdSplJtmk=
github.com/rwxrob/compcmd v0.1.2 h1:E3yRA1axresYAcgpDbLsr2utIE+NmLyEbnSAfXz6Ho8=
github.com/rwxrob/compcmd v0.1.2/go.mod h1:0dPAe3dcrohTvOLZluolg+wU+H0E05q34I7w6FMEbGA=
github.com/rwxrob/compcmd v0.1.4 h1:z+lqRQPPs2QEIilj3posVbPq4CBb9CJlVnqHz2qbgcI=
github.com/rwxrob/compcmd v0.1.4/go.mod h1:QkoQrzgU/FULD4GzuCi9zKokZKmIGrD361BP5Xz9N2U=
github.com/rwxrob/compcmd v0.1.5 h1:nD6ZeMYmYYr+5z6gElF0sWhaJu3OwLMBz18euf6oa2k=
github.com/rwxrob/compcmd v0.1.5/go.mod h1:PKYptsH7zRebXt3P9Gk1GCnWp4KemJ/HgG9slmXINaQ=
github.com/rwxrob/compcmd v0.1.6 h1:jswlgUwSJuCe8h0zIvCS13CePE8UGKwib7YegyV+bfU=
github.com/rwxrob/compcmd v0.1.6/go.mod h1:imoLwFPWbpH7fFtYWvC/vZSF2P7gVZrnW3UjQBZYaxI=
github.com/rwxrob/compcmd v0.2.1 h1:WNSnoAbiV7bbB9YBr0OsIGzvfPVMSrSkOPbx/bi4Y8Q=
github.com/rwxrob/compcmd v0.2.1/go.mod h1:qqI0Gkm+8z+7ZLFL+JySsCA05o9HgNI1X+iJbinxduI=
github.com/rwxrob/compcmd v0.2.2 h1:IS3oZIyD+DBBzjodAvk2KDF7Zn0fvyEkpPOxkOml4xQ=
github.com/rwxrob/compcmd v0.2.2/go.mod h1:uedtEwRMTXilhjH7yKQPOfgEBWajpb9zz4vKOXtSwtA=
github.com/rwxrob/fn v0.3.3 h1:ymRQGWDhrrvoHKXLJ4WZlgI2qrC7gMOotowQMGvwmVQ=
github.com/rwxrob/fn v0.3.3/go.mod h1:omPqOqEB+dDna09z5pi5YFxq4IZqDvv3wFPUCES5LvY=
github.com/rwxrob/fs v0.5.0 h1:1AcZUMBzYhippXl0RfYb+KMo67Sj+e5eSUkOKTx2rUU=
github.com/rwxrob/fs v0.5.0/go.mod h1:vO8AeluD7rnrO7zC54745xTEBFgHPUpHL0hbp1NnsVo=
github.com/rwxrob/fs v0.5.1 h1:HpqDzQEMpfAjdeQvCtjkXC1vAQkNOM5PcxiW9b7TE/U=
github.com/rwxrob/fs v0.5.1/go.mod h1:vO8AeluD7rnrO7zC54745xTEBFgHPUpHL0hbp1NnsVo=
github.com/rwxrob/help v0.2.5 h1:6EWweUusOHFxWSFDa5AFx85vutzGHjH+whXd1aB4Pjo=
github.com/rwxrob/help v0.2.5/go.mod h1:48iC8EfMJOKmVpEeGg/7TR0xk0LTf8ML6TkQ1Fetk1A=
github.com/rwxrob/help v0.3.0 h1:Rjwlp4A8jScc8pEaP0zbv/eLpcGxySP/WnK5YkoLz18=
github.com/rwxrob/help v0.3.0/go.mod h1:48iC8EfMJOKmVpEeGg/7TR0xk0LTf8ML6TkQ1Fetk1A=
github.com/rwxrob/help v0.3.1 h1:jzBjP9ZzYi19c52yaOaW/j139oX6BWABUXYEygVh8Bs=
github.com/rwxrob/help v0.3.1/go.mod h1:GfskRfrLhyPZeXGvFajoD2luWpms7EEask3LOgLZiLo=
github.com/rwxrob/help v0.3.2 h1:ZXfnxYI/tEgVir/q8gWWR56WAxQv8Wk2bzrN9QqATNk=
github.com/rwxrob/help v0.3.2/go.mod h1:BtP5JIR69gy2nVZvahKvvBFkb8Wz6KAdWbmSQQyaqjU=
github.com/rwxrob/help v0.3.3 h1:flYnaXSvSsYijtQJ8dp+F20wyzy+olN7ITULYG7vF4M=
github.com/rwxrob/help v0.3.3/go.mod h1:IY46mzOydFYHcKPzEBgzsY5vV9L425eCXCCbhVCR1SU=
github.com/rwxrob/help v0.3.4 h1:Pr6ooE4PaYSRt2CBKJPa9/qG3xBxzmq5uw3BzapUv+Q=
github.com/rwxrob/help v0.3.4/go.mod h1:FKgmRdtNaWJlgmfp3bpfcWnfzJdBIvuD6++FMySxLK4=
github.com/rwxrob/help v0.3.6 h1:UbXjjfpKHYt716TwyNY57mSG3wCVQzng7ptg5yqcf1k=
github.com/rwxrob/help v0.3.6/go.mod h1:TMQOTrI3u5pC6v17kfI9ytumFW9vfHbHrYMudVs3Q7g=
github.com/rwxrob/help v0.3.8 h1:CrKouPrC4jTm7Qx3ws590Aq8X8o5W+UPkBD/gxeYxT8=
github.com/rwxrob/help v0.3.8/go.mod h1:TMQOTrI3u5pC6v17kfI9ytumFW9vfHbHrYMudVs3Q7g=
github.com/rwxrob/help v0.4.1 h1:WatjhJebk+5lPd+zrUa2t0T3h/+w4YvvUuNf8cflNhc=
github.com/rwxrob/help v0.4.1/go.mod h1:eZoUfqKNxqEomnMwn11ipeDU5kVvSOrpFjaj7rHnYLQ=
github.com/rwxrob/help v0.4.2 h1:fvH/4ErmWBSld2ErubfpNSUnkuA4hCnJ1NuXspytmms=
github.com/rwxrob/help v0.4.2/go.mod h1:l7XtT4J75+bzTnsLZcIpMAgt2edLnA26U9cbVbY6DY4=
github.com/rwxrob/scan v0.6.1 h1:KMGi/kV7TY4pcVo8H/HVwwyQZ2gBFNQI3g7tT121Voo=
github.com/rwxrob/scan v0.6.1/go.mod h1:eF28AgH3YUvP7E9UrhjePRUyLq3Gh7+fR28P7Z/Ku4E=
github.com/rwxrob/structs v0.5.1 h1:epff+4ihej+EgsQx0qOAS/cn7ix3qSLor0M/AjWiV3M=
github.com/rwxrob/structs v0.5.1/go.mod h1:e888JzBSTrMMizNYFnk426F77QneVUKgdxM5inMHErY=
github.com/rwxrob/structs v0.6.0 h1:t8JVd/Pee1OGaXgT6QYmGed470C9vOw6scdH8Cr5LPg=
github.com/rwxrob/structs v0.6.0/go.mod h1:txMfzPfEiIDNM5bwhzUqxr/1QQ3ekOuj3KLT8Nt1fA0=
github.com/rwxrob/term v0.2.6 h1:C8BqqHaEh8MGYp1cVrPRlDAYPEK3HfvhGjf7l5AvnV8=
github.com/rwxrob/term v0.2.6/go.mod h1:II0qQ7aHUdPniZCAPWOdYwugcZqdmRmEWIJQN7Z8NA0=
github.com/rwxrob/to v0.4.6 h1:VXYmc2wI3aGq3HzecgMWYLiFZRVy1PlZIVOGRt0S8V0=
github.com/rwxrob/to v0.4.6/go.mod h1:lojk6scni4ZRYjnKJO/f2DVRTW0BB6l9LZQ/NvZZt4Y=
github.com/rwxrob/to v0.5.0 h1:b9xgvhh9NUyvasoFZ1I+mmTo7DznOeRDqyY0W7QSIkA=
github.com/rwxrob/to v0.5.0/go.mod h1:lojk6scni4ZRYjnKJO/f2DVRTW0BB6l9LZQ/NvZZt4Y=
github.com/rwxrob/to v0.5.1 h1:gftxZTVDazX7SXe3g+7X0a6pn7y7dv9dAzyf/2KeHKo=
github.com/rwxrob/to v0.5.1/go.mod h1:lojk6scni4ZRYjnKJO/f2DVRTW0BB6l9LZQ/NvZZt4Y=
github.com/rwxrob/to v0.5.2 h1:BK2xKkWNhnR5TwEzbsPpXjGODFrTrgZfXzfEdtgCeyU=
github.com/rwxrob/to v0.5.2/go.mod h1:lojk6scni4ZRYjnKJO/f2DVRTW0BB6l9LZQ/NvZZt4Y=
golang.org/x/crypto v0.0.0-20220408190544-5352b0902921 h1:iU7T1X1J6yxDr0rda54sWGkHgOp5XJrqm79gcNlC2VM=
golang.org/x/crypto v0.0.0-20220408190544-5352b0902921/go.mod h1:IxCIyHEi3zRg3s0A5j5BB6A9Jmi73HwBIUl50j+osU4=
golang.org/x/crypto v0.0.0-20220411220226-7b82a4e95df4 h1:kUhD7nTDoI3fVd9G4ORWrbV5NY0liEs/Jg2pv5f+bBA=
golang.org/x/crypto v0.0.0-20220411220226-7b82a4e95df4/go.mod h1:IxCIyHEi3zRg3s0A5j5BB6A9Jmi73HwBIUl50j+osU4=
golang.org/x/sys v0.0.0-20220408201424-a24fb2fb8a0f h1:8w7RhxzTVgUzw/AH/9mUV5q0vMgy40SQRursCcfmkCw=
golang.org/x/sys v0.0.0-20220408201424-a24fb2fb8a0f/go.mod h1:oPkhp1MJrh7nUepCBck5+mAzfO9JrbApNNgaTdGDITg=
golang.org/x/sys v0.0.0-20220412071739-889880a91fd5 h1:NubxfvTRuNb4RVzWrIDAUzUvREH1HkCD4JjyQTSG9As=
golang.org/x/sys v0.0.0-20220412071739-889880a91fd5/go.mod h1:oPkhp1MJrh7nUepCBck5+mAzfO9JrbApNNgaTdGDITg=
golang.org/x/sys v0.0.0-20220412211240-33da011f77ad h1:ntjMns5wyP/fN65tdBD4g8J5w8n015+iIIs9rtjXkY0=
golang.org/x/sys v0.0.0-20220412211240-33da011f77ad/go.mod h1:oPkhp1MJrh7nUepCBck5+mAzfO9JrbApNNgaTdGDITg=
golang.org/x/sys v0.0.0-20220422013727-9388b58f7150 h1:xHms4gcpe1YE7A3yIllJXP16CMAGuqwO2lX1mTyyRRc=
golang.org/x/sys v0.0.0-20220422013727-9388b58f7150/go.mod h1:oPkhp1MJrh7nUepCBck5+mAzfO9JrbApNNgaTdGDITg=
golang.org/x/term v0.0.0-20210927222741-03fcf44c2211 h1:JGgROgKl9N8DuW20oFS5gxc+lE67/N3FcwmBPMe7ArY=
golang.org/x/term v0.0.0-20210927222741-03fcf44c2211/go.mod h1:jbD1KX2456YbFQfuXm/mYQcufACuNUgVhRMnK/tPxf8=
golang.org/x/term v0.0.0-20220411215600-e5f449aeb171 h1:EH1Deb8WZJ0xc0WK//leUHXcX9aLE5SymusoTmMZye8=
golang.org/x/term v0.0.0-20220411215600-e5f449aeb171/go.mod h1:jbD1KX2456YbFQfuXm/mYQcufACuNUgVhRMnK/tPxf8=
gopkg.in/check.v1 v1.0.0-20180628173108-788fd7840127/go.mod h1:Co6ibVJAznAaIkqp8huTwlJQCZ016jof/cbN4VW5Yz0=
gopkg.in/errgo.v2 v2.1.0/go.mod h1:hNsd1EY+bozCKY1Ytp96fpM3vjJbqLJn88ws8XvfDNI=
